
Microsoft Visual Studio Solution File, Format Version 12.00
# Visual Studio 15
VisualStudioVersion = 15.0.26730.15
MinimumVisualStudioVersion = 10.0.40219.1
Project("{FAE04EC0-301F-11D3-BF4B-00C04F79EFBC}") = "E3-2 JoseLuis metodos de queue", "E3-2 JoseLuis metodos de queue\E3-2 JoseLuis metodos de queue.csproj", "{2EAA062B-A155-40AD-A2EB-4249A16BD01A}"
EndProject
Global
	GlobalSection(SolutionConfigurationPlatforms) = preSolution
		Debug|Any CPU = Debug|Any CPU
		Release|Any CPU = Release|Any CPU
	EndGlobalSection
	GlobalSection(ProjectConfigurationPlatforms) = postSolution
		{2EAA062B-A155-40AD-A2EB-4249A16BD01A}.Debug|Any CPU.ActiveCfg = Debug|Any CPU
		{2EAA062B-A155-40AD-A2EB-4249A16BD01A}.Debug|Any CPU.Build.0 = Debug|Any CPU
		{2EAA062B-A155-40AD-A2EB-4249A16BD01A}.Release|Any CPU.ActiveCfg = Release|Any CPU
		{2EAA062B-A155-40AD-A2EB-4249A16BD01A}.Release|Any CPU.Build.0 = Release|Any CPU
	EndGlobalSection
	GlobalSection(SolutionProperties) = preSolution
		HideSolutionNode = FALSE
	EndGlobalSection
	GlobalSection(ExtensibilityGlobals) = postSolution
		SolutionGuid = {656F53BE-5EA3-449A-87CC-811AC59997EF}
	EndGlobalSection
EndGlobal
