
Microsoft Visual Studio Solution File, Format Version 12.00
# Visual Studio 15
VisualStudioVersion = 15.0.26730.15
MinimumVisualStudioVersion = 10.0.40219.1
Project("{FAE04EC0-301F-11D3-BF4B-00C04F79EFBC}") = "5-2 QuickSort", "5-2 QuickSort\5-2 QuickSort.csproj", "{AB37A546-FD5C-4253-BFDB-D11548846A01}"
EndProject
Global
	GlobalSection(SolutionConfigurationPlatforms) = preSolution
		Debug|Any CPU = Debug|Any CPU
		Release|Any CPU = Release|Any CPU
	EndGlobalSection
	GlobalSection(ProjectConfigurationPlatforms) = postSolution
		{AB37A546-FD5C-4253-BFDB-D11548846A01}.Debug|Any CPU.ActiveCfg = Debug|Any CPU
		{AB37A546-FD5C-4253-BFDB-D11548846A01}.Debug|Any CPU.Build.0 = Debug|Any CPU
		{AB37A546-FD5C-4253-BFDB-D11548846A01}.Release|Any CPU.ActiveCfg = Release|Any CPU
		{AB37A546-FD5C-4253-BFDB-D11548846A01}.Release|Any CPU.Build.0 = Release|Any CPU
	EndGlobalSection
	GlobalSection(SolutionProperties) = preSolution
		HideSolutionNode = FALSE
	EndGlobalSection
	GlobalSection(ExtensibilityGlobals) = postSolution
		SolutionGuid = {13F6D384-7197-4A3D-9F81-BBB3D6E170EB}
	EndGlobalSection
EndGlobal
