
Microsoft Visual Studio Solution File, Format Version 12.00
# Visual Studio 15
VisualStudioVersion = 15.0.26730.15
MinimumVisualStudioVersion = 10.0.40219.1
Project("{FAE04EC0-301F-11D3-BF4B-00C04F79EFBC}") = "HashTable", "HashTable\HashTable.csproj", "{7A83217B-33D5-4631-B5FB-2E395AF15A41}"
EndProject
Global
	GlobalSection(SolutionConfigurationPlatforms) = preSolution
		Debug|Any CPU = Debug|Any CPU
		Release|Any CPU = Release|Any CPU
	EndGlobalSection
	GlobalSection(ProjectConfigurationPlatforms) = postSolution
		{7A83217B-33D5-4631-B5FB-2E395AF15A41}.Debug|Any CPU.ActiveCfg = Debug|Any CPU
		{7A83217B-33D5-4631-B5FB-2E395AF15A41}.Debug|Any CPU.Build.0 = Debug|Any CPU
		{7A83217B-33D5-4631-B5FB-2E395AF15A41}.Release|Any CPU.ActiveCfg = Release|Any CPU
		{7A83217B-33D5-4631-B5FB-2E395AF15A41}.Release|Any CPU.Build.0 = Release|Any CPU
	EndGlobalSection
	GlobalSection(SolutionProperties) = preSolution
		HideSolutionNode = FALSE
	EndGlobalSection
	GlobalSection(ExtensibilityGlobals) = postSolution
		SolutionGuid = {15E49C5E-A804-4FE1-B03D-A5E3B2F99CD7}
	EndGlobalSection
EndGlobal
