
Microsoft Visual Studio Solution File, Format Version 12.00
# Visual Studio 15
VisualStudioVersion = 15.0.26730.15
MinimumVisualStudioVersion = 10.0.40219.1
Project("{FAE04EC0-301F-11D3-BF4B-00C04F79EFBC}") = "Algoritmo7", "Algoritmo7\Algoritmo7.csproj", "{7672493B-784B-4993-9C97-67BA8B692463}"
EndProject
Global
	GlobalSection(SolutionConfigurationPlatforms) = preSolution
		Debug|Any CPU = Debug|Any CPU
		Release|Any CPU = Release|Any CPU
	EndGlobalSection
	GlobalSection(ProjectConfigurationPlatforms) = postSolution
		{7672493B-784B-4993-9C97-67BA8B692463}.Debug|Any CPU.ActiveCfg = Debug|Any CPU
		{7672493B-784B-4993-9C97-67BA8B692463}.Debug|Any CPU.Build.0 = Debug|Any CPU
		{7672493B-784B-4993-9C97-67BA8B692463}.Release|Any CPU.ActiveCfg = Release|Any CPU
		{7672493B-784B-4993-9C97-67BA8B692463}.Release|Any CPU.Build.0 = Release|Any CPU
	EndGlobalSection
	GlobalSection(SolutionProperties) = preSolution
		HideSolutionNode = FALSE
	EndGlobalSection
	GlobalSection(ExtensibilityGlobals) = postSolution
		SolutionGuid = {1F564AB2-DD68-4110-8BAB-6227A121CCFF}
	EndGlobalSection
EndGlobal
