
Microsoft Visual Studio Solution File, Format Version 12.00
# Visual Studio 15
VisualStudioVersion = 15.0.26730.15
MinimumVisualStudioVersion = 10.0.40219.1
Project("{FAE04EC0-301F-11D3-BF4B-00C04F79EFBC}") = "6-1 Busqueda secuencial", "6-1 Busqueda secuencial\6-1 Busqueda secuencial.csproj", "{612CC561-3472-456A-A6D3-4CD283900C21}"
EndProject
Global
	GlobalSection(SolutionConfigurationPlatforms) = preSolution
		Debug|Any CPU = Debug|Any CPU
		Release|Any CPU = Release|Any CPU
	EndGlobalSection
	GlobalSection(ProjectConfigurationPlatforms) = postSolution
		{612CC561-3472-456A-A6D3-4CD283900C21}.Debug|Any CPU.ActiveCfg = Debug|Any CPU
		{612CC561-3472-456A-A6D3-4CD283900C21}.Debug|Any CPU.Build.0 = Debug|Any CPU
		{612CC561-3472-456A-A6D3-4CD283900C21}.Release|Any CPU.ActiveCfg = Release|Any CPU
		{612CC561-3472-456A-A6D3-4CD283900C21}.Release|Any CPU.Build.0 = Release|Any CPU
	EndGlobalSection
	GlobalSection(SolutionProperties) = preSolution
		HideSolutionNode = FALSE
	EndGlobalSection
	GlobalSection(ExtensibilityGlobals) = postSolution
		SolutionGuid = {B633D18A-5835-4798-B482-8CA7D81B96C2}
	EndGlobalSection
EndGlobal
